
Microsoft Visual Studio Solution File, Format Version 12.00
# Visual Studio 14
VisualStudioVersion = 14.0.22823.1
MinimumVisualStudioVersion = 10.0.40219.1
Project("{2150E333-8FDC-42A3-9474-1A3956D46DE8}") = "1. Main", "1. Main", "{B31035BF-A30B-4548-93E3-31FC4CFF6931}"
EndProject
Project("{2150E333-8FDC-42A3-9474-1A3956D46DE8}") = "2. Tests", "2. Tests", "{0DA6439D-B603-4B41-8EBE-0517E4ADEDFA}"
EndProject
Project("{2150E333-8FDC-42A3-9474-1A3956D46DE8}") = "3. Dependencies", "3. Dependencies", "{BC12C7A7-49FE-405B-BAE6-81731920DCAF}"
EndProject
Project("{2150E333-8FDC-42A3-9474-1A3956D46DE8}") = "include", "include", "{D21D4F75-F1DB-4F9D-A95F-E714F0C048A6}"
EndProject
Project("{2150E333-8FDC-42A3-9474-1A3956D46DE8}") = "tue", "tue", "{3D9ED43B-35FF-4C6F-AD95-94F10BF4FDF5}"
	ProjectSection(SolutionItems) = preProject
		include\tue\bool.hpp = include\tue\bool.hpp
		include\tue\mat.hpp = include\tue\mat.hpp
		include\tue\math.hpp = include\tue\math.hpp
		include\tue\pose2d.hpp = include\tue\pose2d.hpp
		include\tue\pose3d.hpp = include\tue\pose3d.hpp
		include\tue\quat.hpp = include\tue\quat.hpp
		include\tue\rect.hpp = include\tue\rect.hpp
		include\tue\simd.hpp = include\tue\simd.hpp
		include\tue\size2d.hpp = include\tue\size2d.hpp
		include\tue\size3d.hpp = include\tue\size3d.hpp
		include\tue\unused.hpp = include\tue\unused.hpp
		include\tue\vec.hpp = include\tue\vec.hpp
	EndProjectSection
EndProject
Project("{2150E333-8FDC-42A3-9474-1A3956D46DE8}") = "detail_", "detail_", "{B4672C06-73F8-4EF1-AEBE-EADDCE570E24}"
	ProjectSection(SolutionItems) = preProject
		include\tue\detail_\bool32x4.fallback.hpp = include\tue\detail_\bool32x4.fallback.hpp
		include\tue\detail_\bool32x4.sse.hpp = include\tue\detail_\bool32x4.sse.hpp
		include\tue\detail_\float32x4.fallback.hpp = include\tue\detail_\float32x4.fallback.hpp
		include\tue\detail_\float32x4.sse.hpp = include\tue\detail_\float32x4.sse.hpp
		include\tue\detail_\mat2xR.hpp = include\tue\detail_\mat2xR.hpp
		include\tue\detail_\mat3xR.hpp = include\tue\detail_\mat3xR.hpp
		include\tue\detail_\mat4xR.hpp = include\tue\detail_\mat4xR.hpp
		include\tue\detail_\matmult.hpp = include\tue\detail_\matmult.hpp
		include\tue\detail_\mattransform.hpp = include\tue\detail_\mattransform.hpp
		include\tue\detail_\vec2.hpp = include\tue\detail_\vec2.hpp
		include\tue\detail_\vec3.hpp = include\tue\detail_\vec3.hpp
		include\tue\detail_\vec4.hpp = include\tue\detail_\vec4.hpp
	EndProjectSection
EndProject
Project("{2150E333-8FDC-42A3-9474-1A3956D46DE8}") = "5. Other", "5. Other", "{F2A9CF2E-1859-4F9F-88A4-1C9E35220A7E}"
	ProjectSection(SolutionItems) = preProject
		.gitattributes = .gitattributes
		.gitignore = .gitignore
		LICENSE_1_0.txt = LICENSE_1_0.txt
		README.md = README.md
	EndProjectSection
EndProject
Project("{8BC9CEB8-8B4A-11D0-8D11-00A0C91BC942}") = "tests.exe.win32", "tests.exe.win32.vcxproj", "{2590E09E-85E4-4B7B-8322-1827A4698EB9}"
	ProjectSection(ProjectDependencies) = postProject
		{C1C142D3-ADE2-43F8-A990-FFD9438FDB5D} = {C1C142D3-ADE2-43F8-A990-FFD9438FDB5D}
	EndProjectSection
EndProject
Project("{8BC9CEB8-8B4A-11D0-8D11-00A0C91BC942}") = "mon.lib.win32", "lib\mon\mon.lib.win32.vcxproj", "{C1C142D3-ADE2-43F8-A990-FFD9438FDB5D}"
EndProject
Project("{2150E333-8FDC-42A3-9474-1A3956D46DE8}") = "4. Documentation", "4. Documentation", "{9D02DFE1-EA79-486D-A3F3-9722C8B2AC6D}"
	ProjectSection(SolutionItems) = preProject
		docs\headers.md = docs\headers.md
		docs\namespaces.md = docs\namespaces.md
		docs\types.md = docs\types.md
	EndProjectSection
EndProject
Project("{2150E333-8FDC-42A3-9474-1A3956D46DE8}") = "headers", "headers", "{8A8C99A5-46FD-432A-882F-B63F255944D2}"
	ProjectSection(SolutionItems) = preProject
		docs\headers\bool.md = docs\headers\bool.md
		docs\headers\mat.md = docs\headers\mat.md
		docs\headers\math.md = docs\headers\math.md
		docs\headers\pose2d.md = docs\headers\pose2d.md
		docs\headers\pose3d.md = docs\headers\pose3d.md
		docs\headers\quat.md = docs\headers\quat.md
		docs\headers\rect.md = docs\headers\rect.md
		docs\headers\simd.md = docs\headers\simd.md
		docs\headers\size2d.md = docs\headers\size2d.md
		docs\headers\size3d.md = docs\headers\size3d.md
		docs\headers\unused.md = docs\headers\unused.md
		docs\headers\vec.md = docs\headers\vec.md
	EndProjectSection
EndProject
Project("{2150E333-8FDC-42A3-9474-1A3956D46DE8}") = "namespaces", "namespaces", "{00A0F82F-91B5-4CC4-B63B-7F01DA6E9434}"
	ProjectSection(SolutionItems) = preProject
		docs\namespaces\tue.md = docs\namespaces\tue.md
	EndProjectSection
EndProject
Project("{2150E333-8FDC-42A3-9474-1A3956D46DE8}") = "math", "math", "{D3058CD0-7251-437D-968D-273F90F1EDA4}"
	ProjectSection(SolutionItems) = preProject
		docs\namespaces\tue\math.md = docs\namespaces\tue\math.md
	EndProjectSection
EndProject
Project("{2150E333-8FDC-42A3-9474-1A3956D46DE8}") = "functions", "functions", "{3E299C42-5647-445A-BC6C-D22FF2621E43}"
EndProject
Project("{2150E333-8FDC-42A3-9474-1A3956D46DE8}") = "mat", "mat", "{D390DBB1-9A7C-4B73-9B15-7F506E5798B3}"
	ProjectSection(SolutionItems) = preProject
		docs\functions\mat\column.md = docs\functions\mat\column.md
		docs\functions\mat\columns.md = docs\functions\mat\columns.md
		docs\functions\mat\constructor.md = docs\functions\mat\constructor.md
		docs\functions\mat\conversion.md = docs\functions\mat\conversion.md
		docs\functions\mat\data.md = docs\functions\mat\data.md
		docs\functions\mat\identity.md = docs\functions\mat\identity.md
		docs\functions\mat\row.md = docs\functions\mat\row.md
		docs\functions\mat\set_column.md = docs\functions\mat\set_column.md
		docs\functions\mat\set_row.md = docs\functions\mat\set_row.md
		docs\functions\mat\zero.md = docs\functions\mat\zero.md
	EndProjectSection
EndProject
Project("{2150E333-8FDC-42A3-9474-1A3956D46DE8}") = "operators", "operators", "{C3C9F982-62B1-45E8-A983-A7ADF420BB2E}"
EndProject
Project("{2150E333-8FDC-42A3-9474-1A3956D46DE8}") = "mat", "mat", "{38ACF094-6069-4E9F-944D-96A2A29613BC}"
	ProjectSection(SolutionItems) = preProject
		docs\operators\mat\addition.md = docs\operators\mat\addition.md
		docs\operators\mat\addition_assignment.md = docs\operators\mat\addition_assignment.md
		docs\operators\mat\bitwise_and.md = docs\operators\mat\bitwise_and.md
		docs\operators\mat\bitwise_and_assignment.md = docs\operators\mat\bitwise_and_assignment.md
		docs\operators\mat\bitwise_not.md = docs\operators\mat\bitwise_not.md
		docs\operators\mat\bitwise_or.md = docs\operators\mat\bitwise_or.md
		docs\operators\mat\bitwise_or_assignment.md = docs\operators\mat\bitwise_or_assignment.md
		docs\operators\mat\bitwise_xor.md = docs\operators\mat\bitwise_xor.md
		docs\operators\mat\bitwise_xor_assignment.md = docs\operators\mat\bitwise_xor_assignment.md
		docs\operators\mat\division.md = docs\operators\mat\division.md
		docs\operators\mat\division_assignment.md = docs\operators\mat\division_assignment.md
		docs\operators\mat\equality.md = docs\operators\mat\equality.md
		docs\operators\mat\inequality.md = docs\operators\mat\inequality.md
		docs\operators\mat\modulo.md = docs\operators\mat\modulo.md
		docs\operators\mat\modulo_assignment.md = docs\operators\mat\modulo_assignment.md
		docs\operators\mat\multiplication.md = docs\operators\mat\multiplication.md
		docs\operators\mat\multiplication_assignment.md = docs\operators\mat\multiplication_assignment.md
		docs\operators\mat\post_decrement.md = docs\operators\mat\post_decrement.md
		docs\operators\mat\post_increment.md = docs\operators\mat\post_increment.md
		docs\operators\mat\pre_decrement.md = docs\operators\mat\pre_decrement.md
		docs\operators\mat\pre_increment.md = docs\operators\mat\pre_increment.md
		docs\operators\mat\shift_left.md = docs\operators\mat\shift_left.md
		docs\operators\mat\shift_left_assignment.md = docs\operators\mat\shift_left_assignment.md
		docs\operators\mat\shift_right.md = docs\operators\mat\shift_right.md
		docs\operators\mat\shift_right_assignment.md = docs\operators\mat\shift_right_assignment.md
		docs\operators\mat\subscript.md = docs\operators\mat\subscript.md
		docs\operators\mat\subtraction.md = docs\operators\mat\subtraction.md
		docs\operators\mat\subtraction_assignment.md = docs\operators\mat\subtraction_assignment.md
		docs\operators\mat\unary_minus.md = docs\operators\mat\unary_minus.md
		docs\operators\mat\unary_plus.md = docs\operators\mat\unary_plus.md
	EndProjectSection
EndProject
Project("{2150E333-8FDC-42A3-9474-1A3956D46DE8}") = "math", "math", "{813353CF-6217-4F4B-B6F8-0D266EAE9175}"
	ProjectSection(SolutionItems) = preProject
		docs\functions\math\abs.md = docs\functions\math\abs.md
		docs\functions\math\axis_angle.md = docs\functions\math\axis_angle.md
		docs\functions\math\comp_mult.md = docs\functions\math\comp_mult.md
		docs\functions\math\conjugate.md = docs\functions\math\conjugate.md
		docs\functions\math\cos.md = docs\functions\math\cos.md
		docs\functions\math\cross.md = docs\functions\math\cross.md
		docs\functions\math\dot.md = docs\functions\math\dot.md
		docs\functions\math\equal.md = docs\functions\math\equal.md
		docs\functions\math\exp.md = docs\functions\math\exp.md
		docs\functions\math\greater.md = docs\functions\math\greater.md
		docs\functions\math\greater_equal.md = docs\functions\math\greater_equal.md
		docs\functions\math\length.md = docs\functions\math\length.md
		docs\functions\math\length2.md = docs\functions\math\length2.md
		docs\functions\math\less.md = docs\functions\math\less.md
		docs\functions\math\less_equal.md = docs\functions\math\less_equal.md
		docs\functions\math\log.md = docs\functions\math\log.md
		docs\functions\math\max.md = docs\functions\math\max.md
		docs\functions\math\min.md = docs\functions\math\min.md
		docs\functions\math\normalize.md = docs\functions\math\normalize.md
		docs\functions\math\not_equal.md = docs\functions\math\not_equal.md
		docs\functions\math\ortho_mat.md = docs\functions\math\ortho_mat.md
		docs\functions\math\perspective_mat.md = docs\functions\math\perspective_mat.md
		docs\functions\math\pose_mat.md = docs\functions\math\pose_mat.md
		docs\functions\math\pow.md = docs\functions\math\pow.md
		docs\functions\math\recip.md = docs\functions\math\recip.md
		docs\functions\math\rotation_mat.md = docs\functions\math\rotation_mat.md
		docs\functions\math\rotation_quat.md = docs\functions\math\rotation_quat.md
		docs\functions\math\rotation_vec.md = docs\functions\math\rotation_vec.md
		docs\functions\math\rsqrt.md = docs\functions\math\rsqrt.md
		docs\functions\math\scale_mat.md = docs\functions\math\scale_mat.md
		docs\functions\math\select.md = docs\functions\math\select.md
		docs\functions\math\sin.md = docs\functions\math\sin.md
		docs\functions\math\sincos.md = docs\functions\math\sincos.md
		docs\functions\math\sqrt.md = docs\functions\math\sqrt.md
		docs\functions\math\translation_mat.md = docs\functions\math\translation_mat.md
		docs\functions\math\transpose.md = docs\functions\math\transpose.md
		docs\functions\math\view_mat.md = docs\functions\math\view_mat.md
	EndProjectSection
EndProject
Project("{2150E333-8FDC-42A3-9474-1A3956D46DE8}") = "pose2d", "pose2d", "{284E7F55-886E-4151-B87E-19E8FEF658E9}"
	ProjectSection(SolutionItems) = preProject
		docs\functions\pose2d\constructor.md = docs\functions\pose2d\constructor.md
		docs\functions\pose2d\conversion.md = docs\functions\pose2d\conversion.md
		docs\functions\pose2d\identity.md = docs\functions\pose2d\identity.md
		docs\functions\pose2d\rotation.md = docs\functions\pose2d\rotation.md
		docs\functions\pose2d\set_rotation.md = docs\functions\pose2d\set_rotation.md
		docs\functions\pose2d\set_translation.md = docs\functions\pose2d\set_translation.md
		docs\functions\pose2d\translation.md = docs\functions\pose2d\translation.md
	EndProjectSection
EndProject
Project("{2150E333-8FDC-42A3-9474-1A3956D46DE8}") = "pose3d", "pose3d", "{CBFBA7CB-BE96-4EBB-9A9F-3D474E61BCDB}"
	ProjectSection(SolutionItems) = preProject
		docs\functions\pose3d\constructor.md = docs\functions\pose3d\constructor.md
		docs\functions\pose3d\conversion.md = docs\functions\pose3d\conversion.md
		docs\functions\pose3d\identity.md = docs\functions\pose3d\identity.md
		docs\functions\pose3d\rotation.md = docs\functions\pose3d\rotation.md
		docs\functions\pose3d\set_rotation.md = docs\functions\pose3d\set_rotation.md
		docs\functions\pose3d\set_translation.md = docs\functions\pose3d\set_translation.md
		docs\functions\pose3d\translation.md = docs\functions\pose3d\translation.md
	EndProjectSection
EndProject
Project("{2150E333-8FDC-42A3-9474-1A3956D46DE8}") = "quat", "quat", "{06095236-BEFA-49DC-A2FE-261CBB5F96AC}"
	ProjectSection(SolutionItems) = preProject
		docs\functions\quat\constructor.md = docs\functions\quat\constructor.md
		docs\functions\quat\conversion.md = docs\functions\quat\conversion.md
		docs\functions\quat\data.md = docs\functions\quat\data.md
		docs\functions\quat\identity.md = docs\functions\quat\identity.md
		docs\functions\quat\set_vs.md = docs\functions\quat\set_vs.md
		docs\functions\quat\set_xyzw.md = docs\functions\quat\set_xyzw.md
		docs\functions\quat\vs.md = docs\functions\quat\vs.md
		docs\functions\quat\xyzw.md = docs\functions\quat\xyzw.md
	EndProjectSection
EndProject
Project("{2150E333-8FDC-42A3-9474-1A3956D46DE8}") = "rect", "rect", "{D74DB170-E5D6-429D-A09B-45E2B11CF1FC}"
	ProjectSection(SolutionItems) = preProject
		docs\functions\rect\constructor.md = docs\functions\rect\constructor.md
		docs\functions\rect\conversion.md = docs\functions\rect\conversion.md
		docs\functions\rect\position.md = docs\functions\rect\position.md
		docs\functions\rect\set_position.md = docs\functions\rect\set_position.md
		docs\functions\rect\set_size.md = docs\functions\rect\set_size.md
		docs\functions\rect\set_width_height.md = docs\functions\rect\set_width_height.md
		docs\functions\rect\set_xy.md = docs\functions\rect\set_xy.md
		docs\functions\rect\size.md = docs\functions\rect\size.md
		docs\functions\rect\width_height.md = docs\functions\rect\width_height.md
		docs\functions\rect\xy.md = docs\functions\rect\xy.md
	EndProjectSection
EndProject
Project("{2150E333-8FDC-42A3-9474-1A3956D46DE8}") = "size2d", "size2d", "{274D1395-1C38-4D93-81D8-12EA1407BACF}"
	ProjectSection(SolutionItems) = preProject
		docs\functions\size2d\constructor.md = docs\functions\size2d\constructor.md
		docs\functions\size2d\conversion.md = docs\functions\size2d\conversion.md
		docs\functions\size2d\height.md = docs\functions\size2d\height.md
		docs\functions\size2d\set_height.md = docs\functions\size2d\set_height.md
		docs\functions\size2d\set_width.md = docs\functions\size2d\set_width.md
		docs\functions\size2d\width.md = docs\functions\size2d\width.md
		docs\functions\size2d\zero.md = docs\functions\size2d\zero.md
	EndProjectSection
EndProject
Project("{2150E333-8FDC-42A3-9474-1A3956D46DE8}") = "size3d", "size3d", "{5E191EA1-727B-4A3D-906E-EF5E6000B569}"
	ProjectSection(SolutionItems) = preProject
		docs\functions\size3d\constructor.md = docs\functions\size3d\constructor.md
		docs\functions\size3d\conversion.md = docs\functions\size3d\conversion.md
		docs\functions\size3d\depth.md = docs\functions\size3d\depth.md
		docs\functions\size3d\height.md = docs\functions\size3d\height.md
		docs\functions\size3d\set_depth.md = docs\functions\size3d\set_depth.md
		docs\functions\size3d\set_height.md = docs\functions\size3d\set_height.md
		docs\functions\size3d\set_width.md = docs\functions\size3d\set_width.md
		docs\functions\size3d\width.md = docs\functions\size3d\width.md
		docs\functions\size3d\zero.md = docs\functions\size3d\zero.md
	EndProjectSection
EndProject
Project("{2150E333-8FDC-42A3-9474-1A3956D46DE8}") = "vec", "vec", "{4975D012-C3E8-4711-BF1D-166E70628194}"
	ProjectSection(SolutionItems) = preProject
		docs\functions\vec\constructor.md = docs\functions\vec\constructor.md
		docs\functions\vec\conversion.md = docs\functions\vec\conversion.md
		docs\functions\vec\data.md = docs\functions\vec\data.md
		docs\functions\vec\rgba.md = docs\functions\vec\rgba.md
		docs\functions\vec\set_rgba.md = docs\functions\vec\set_rgba.md
		docs\functions\vec\set_xy_rg.md = docs\functions\vec\set_xy_rg.md
		docs\functions\vec\set_xyz_rgb.md = docs\functions\vec\set_xyz_rgb.md
		docs\functions\vec\set_xyzw.md = docs\functions\vec\set_xyzw.md
		docs\functions\vec\w_axis.md = docs\functions\vec\w_axis.md
		docs\functions\vec\x_axis.md = docs\functions\vec\x_axis.md
		docs\functions\vec\xy_rg.md = docs\functions\vec\xy_rg.md
		docs\functions\vec\xyz_rgb.md = docs\functions\vec\xyz_rgb.md
		docs\functions\vec\xyzw.md = docs\functions\vec\xyzw.md
		docs\functions\vec\y_axis.md = docs\functions\vec\y_axis.md
		docs\functions\vec\z_axis.md = docs\functions\vec\z_axis.md
		docs\functions\vec\zero.md = docs\functions\vec\zero.md
	EndProjectSection
EndProject
Project("{2150E333-8FDC-42A3-9474-1A3956D46DE8}") = "pose2d", "pose2d", "{004F00AE-B716-4553-A094-B5CBDD33D9E4}"
	ProjectSection(SolutionItems) = preProject
		docs\operators\pose2d\equality.md = docs\operators\pose2d\equality.md
		docs\operators\pose2d\inequality.md = docs\operators\pose2d\inequality.md
	EndProjectSection
EndProject
Project("{2150E333-8FDC-42A3-9474-1A3956D46DE8}") = "pose3d", "pose3d", "{BDAABD11-0FC4-4451-AEAD-E659BCAE127B}"
	ProjectSection(SolutionItems) = preProject
		docs\operators\pose3d\equality.md = docs\operators\pose3d\equality.md
		docs\operators\pose3d\inequality.md = docs\operators\pose3d\inequality.md
	EndProjectSection
EndProject
Project("{2150E333-8FDC-42A3-9474-1A3956D46DE8}") = "quat", "quat", "{EAAF93D7-9195-4EEC-9B0B-05691520AA9C}"
	ProjectSection(SolutionItems) = preProject
		docs\operators\quat\equality.md = docs\operators\quat\equality.md
		docs\operators\quat\inequality.md = docs\operators\quat\inequality.md
		docs\operators\quat\multiplication.md = docs\operators\quat\multiplication.md
		docs\operators\quat\multiplication_assignment.md = docs\operators\quat\multiplication_assignment.md
		docs\operators\quat\subscript.md = docs\operators\quat\subscript.md
	EndProjectSection
EndProject
Project("{2150E333-8FDC-42A3-9474-1A3956D46DE8}") = "rect", "rect", "{DD92095E-D917-48D8-9111-B4182B2D9238}"
	ProjectSection(SolutionItems) = preProject
		docs\operators\rect\equality.md = docs\operators\rect\equality.md
		docs\operators\rect\inequality.md = docs\operators\rect\inequality.md
	EndProjectSection
EndProject
Project("{2150E333-8FDC-42A3-9474-1A3956D46DE8}") = "size2d", "size2d", "{21EF5B95-583A-4E92-ABDB-3A058DCE591A}"
	ProjectSection(SolutionItems) = preProject
		docs\operators\size2d\equality.md = docs\operators\size2d\equality.md
		docs\operators\size2d\inequality.md = docs\operators\size2d\inequality.md
	EndProjectSection
EndProject
Project("{2150E333-8FDC-42A3-9474-1A3956D46DE8}") = "size3d", "size3d", "{6834207B-253F-4A2A-9E6E-7F48507C9DF6}"
	ProjectSection(SolutionItems) = preProject
		docs\operators\size3d\equality.md = docs\operators\size3d\equality.md
		docs\operators\size3d\inequality.md = docs\operators\size3d\inequality.md
	EndProjectSection
EndProject
Project("{2150E333-8FDC-42A3-9474-1A3956D46DE8}") = "vec", "vec", "{3A0E8CD9-C7EC-4DAE-BE0A-1FD919A942C3}"
	ProjectSection(SolutionItems) = preProject
		docs\operators\vec\addition.md = docs\operators\vec\addition.md
		docs\operators\vec\addition_assignment.md = docs\operators\vec\addition_assignment.md
		docs\operators\vec\bitwise_and.md = docs\operators\vec\bitwise_and.md
		docs\operators\vec\bitwise_and_assignment.md = docs\operators\vec\bitwise_and_assignment.md
		docs\operators\vec\bitwise_not.md = docs\operators\vec\bitwise_not.md
		docs\operators\vec\bitwise_or.md = docs\operators\vec\bitwise_or.md
		docs\operators\vec\bitwise_or_assignment.md = docs\operators\vec\bitwise_or_assignment.md
		docs\operators\vec\bitwise_xor.md = docs\operators\vec\bitwise_xor.md
		docs\operators\vec\bitwise_xor_assignment.md = docs\operators\vec\bitwise_xor_assignment.md
		docs\operators\vec\division.md = docs\operators\vec\division.md
		docs\operators\vec\division_assignment.md = docs\operators\vec\division_assignment.md
		docs\operators\vec\equality.md = docs\operators\vec\equality.md
		docs\operators\vec\inequality.md = docs\operators\vec\inequality.md
		docs\operators\vec\modulo.md = docs\operators\vec\modulo.md
		docs\operators\vec\modulo_assignment.md = docs\operators\vec\modulo_assignment.md
		docs\operators\vec\multiplication.md = docs\operators\vec\multiplication.md
		docs\operators\vec\multiplication_assignment.md = docs\operators\vec\multiplication_assignment.md
		docs\operators\vec\post_decrement.md = docs\operators\vec\post_decrement.md
		docs\operators\vec\post_increment.md = docs\operators\vec\post_increment.md
		docs\operators\vec\pre_decrement.md = docs\operators\vec\pre_decrement.md
		docs\operators\vec\pre_increment.md = docs\operators\vec\pre_increment.md
		docs\operators\vec\shift_left.md = docs\operators\vec\shift_left.md
		docs\operators\vec\shift_left_assignment.md = docs\operators\vec\shift_left_assignment.md
		docs\operators\vec\shift_right.md = docs\operators\vec\shift_right.md
		docs\operators\vec\shift_right_assignment.md = docs\operators\vec\shift_right_assignment.md
		docs\operators\vec\subscript.md = docs\operators\vec\subscript.md
		docs\operators\vec\subtraction.md = docs\operators\vec\subtraction.md
		docs\operators\vec\subtraction_assignment.md = docs\operators\vec\subtraction_assignment.md
		docs\operators\vec\unary_minus.md = docs\operators\vec\unary_minus.md
		docs\operators\vec\unary_plus.md = docs\operators\vec\unary_plus.md
	EndProjectSection
EndProject
Global
	GlobalSection(SolutionConfigurationPlatforms) = preSolution
		Debug|Win32 = Debug|Win32
		Debug|x64 = Debug|x64
		Release|Win32 = Release|Win32
		Release|x64 = Release|x64
	EndGlobalSection
	GlobalSection(ProjectConfigurationPlatforms) = postSolution
		{2590E09E-85E4-4B7B-8322-1827A4698EB9}.Debug|Win32.ActiveCfg = Debug|Win32
		{2590E09E-85E4-4B7B-8322-1827A4698EB9}.Debug|Win32.Build.0 = Debug|Win32
		{2590E09E-85E4-4B7B-8322-1827A4698EB9}.Debug|x64.ActiveCfg = Debug|x64
		{2590E09E-85E4-4B7B-8322-1827A4698EB9}.Debug|x64.Build.0 = Debug|x64
		{2590E09E-85E4-4B7B-8322-1827A4698EB9}.Release|Win32.ActiveCfg = Release|Win32
		{2590E09E-85E4-4B7B-8322-1827A4698EB9}.Release|Win32.Build.0 = Release|Win32
		{2590E09E-85E4-4B7B-8322-1827A4698EB9}.Release|x64.ActiveCfg = Release|x64
		{2590E09E-85E4-4B7B-8322-1827A4698EB9}.Release|x64.Build.0 = Release|x64
		{C1C142D3-ADE2-43F8-A990-FFD9438FDB5D}.Debug|Win32.ActiveCfg = Debug|Win32
		{C1C142D3-ADE2-43F8-A990-FFD9438FDB5D}.Debug|Win32.Build.0 = Debug|Win32
		{C1C142D3-ADE2-43F8-A990-FFD9438FDB5D}.Debug|x64.ActiveCfg = Debug|x64
		{C1C142D3-ADE2-43F8-A990-FFD9438FDB5D}.Debug|x64.Build.0 = Debug|x64
		{C1C142D3-ADE2-43F8-A990-FFD9438FDB5D}.Release|Win32.ActiveCfg = Release|Win32
		{C1C142D3-ADE2-43F8-A990-FFD9438FDB5D}.Release|Win32.Build.0 = Release|Win32
		{C1C142D3-ADE2-43F8-A990-FFD9438FDB5D}.Release|x64.ActiveCfg = Release|x64
		{C1C142D3-ADE2-43F8-A990-FFD9438FDB5D}.Release|x64.Build.0 = Release|x64
	EndGlobalSection
	GlobalSection(SolutionProperties) = preSolution
		HideSolutionNode = FALSE
	EndGlobalSection
	GlobalSection(NestedProjects) = preSolution
		{D21D4F75-F1DB-4F9D-A95F-E714F0C048A6} = {B31035BF-A30B-4548-93E3-31FC4CFF6931}
		{3D9ED43B-35FF-4C6F-AD95-94F10BF4FDF5} = {D21D4F75-F1DB-4F9D-A95F-E714F0C048A6}
		{B4672C06-73F8-4EF1-AEBE-EADDCE570E24} = {3D9ED43B-35FF-4C6F-AD95-94F10BF4FDF5}
		{2590E09E-85E4-4B7B-8322-1827A4698EB9} = {0DA6439D-B603-4B41-8EBE-0517E4ADEDFA}
		{C1C142D3-ADE2-43F8-A990-FFD9438FDB5D} = {BC12C7A7-49FE-405B-BAE6-81731920DCAF}
		{8A8C99A5-46FD-432A-882F-B63F255944D2} = {9D02DFE1-EA79-486D-A3F3-9722C8B2AC6D}
		{00A0F82F-91B5-4CC4-B63B-7F01DA6E9434} = {9D02DFE1-EA79-486D-A3F3-9722C8B2AC6D}
		{D3058CD0-7251-437D-968D-273F90F1EDA4} = {00A0F82F-91B5-4CC4-B63B-7F01DA6E9434}
		{3E299C42-5647-445A-BC6C-D22FF2621E43} = {9D02DFE1-EA79-486D-A3F3-9722C8B2AC6D}
		{D390DBB1-9A7C-4B73-9B15-7F506E5798B3} = {3E299C42-5647-445A-BC6C-D22FF2621E43}
		{C3C9F982-62B1-45E8-A983-A7ADF420BB2E} = {9D02DFE1-EA79-486D-A3F3-9722C8B2AC6D}
		{38ACF094-6069-4E9F-944D-96A2A29613BC} = {C3C9F982-62B1-45E8-A983-A7ADF420BB2E}
		{813353CF-6217-4F4B-B6F8-0D266EAE9175} = {3E299C42-5647-445A-BC6C-D22FF2621E43}
		{284E7F55-886E-4151-B87E-19E8FEF658E9} = {3E299C42-5647-445A-BC6C-D22FF2621E43}
		{CBFBA7CB-BE96-4EBB-9A9F-3D474E61BCDB} = {3E299C42-5647-445A-BC6C-D22FF2621E43}
		{06095236-BEFA-49DC-A2FE-261CBB5F96AC} = {3E299C42-5647-445A-BC6C-D22FF2621E43}
		{D74DB170-E5D6-429D-A09B-45E2B11CF1FC} = {3E299C42-5647-445A-BC6C-D22FF2621E43}
		{274D1395-1C38-4D93-81D8-12EA1407BACF} = {3E299C42-5647-445A-BC6C-D22FF2621E43}
		{5E191EA1-727B-4A3D-906E-EF5E6000B569} = {3E299C42-5647-445A-BC6C-D22FF2621E43}
		{4975D012-C3E8-4711-BF1D-166E70628194} = {3E299C42-5647-445A-BC6C-D22FF2621E43}
		{004F00AE-B716-4553-A094-B5CBDD33D9E4} = {C3C9F982-62B1-45E8-A983-A7ADF420BB2E}
		{BDAABD11-0FC4-4451-AEAD-E659BCAE127B} = {C3C9F982-62B1-45E8-A983-A7ADF420BB2E}
		{EAAF93D7-9195-4EEC-9B0B-05691520AA9C} = {C3C9F982-62B1-45E8-A983-A7ADF420BB2E}
		{DD92095E-D917-48D8-9111-B4182B2D9238} = {C3C9F982-62B1-45E8-A983-A7ADF420BB2E}
		{21EF5B95-583A-4E92-ABDB-3A058DCE591A} = {C3C9F982-62B1-45E8-A983-A7ADF420BB2E}
		{6834207B-253F-4A2A-9E6E-7F48507C9DF6} = {C3C9F982-62B1-45E8-A983-A7ADF420BB2E}
		{3A0E8CD9-C7EC-4DAE-BE0A-1FD919A942C3} = {C3C9F982-62B1-45E8-A983-A7ADF420BB2E}
	EndGlobalSection
EndGlobal
